
Microsoft Visual Studio Solution File, Format Version 12.00
# Visual Studio 2012
Project("{FAE04EC0-301F-11D3-BF4B-00C04F79EFBC}") = "MoqingCucumber", "MoqingCucumber\MoqingCucumber.csproj", "{DF143D33-ED4C-4DAD-B60E-51C9EBBAFE56}"
EndProject
Global
	GlobalSection(SolutionConfigurationPlatforms) = preSolution
		Debug|Any CPU = Debug|Any CPU
		Release|Any CPU = Release|Any CPU
	EndGlobalSection
	GlobalSection(ProjectConfigurationPlatforms) = postSolution
		{DF143D33-ED4C-4DAD-B60E-51C9EBBAFE56}.Debug|Any CPU.ActiveCfg = Debug|Any CPU
		{DF143D33-ED4C-4DAD-B60E-51C9EBBAFE56}.Debug|Any CPU.Build.0 = Debug|Any CPU
		{DF143D33-ED4C-4DAD-B60E-51C9EBBAFE56}.Release|Any CPU.ActiveCfg = Release|Any CPU
		{DF143D33-ED4C-4DAD-B60E-51C9EBBAFE56}.Release|Any CPU.Build.0 = Release|Any CPU
	EndGlobalSection
	GlobalSection(SolutionProperties) = preSolution
		HideSolutionNode = FALSE
	EndGlobalSection
EndGlobal
